
Microsoft Visual Studio Solution File, Format Version 12.00
# Visual Studio Version 16
VisualStudioVersion = 16.0.28606.126
MinimumVisualStudioVersion = 10.0.40219.1
Project("{FAE04EC0-301F-11D3-BF4B-00C04F79EFBC}") = "HappyXamDevs.Android", "HappyXamDevs\HappyXamDevs.Android\HappyXamDevs.Android.csproj", "{76BF610A-9486-44AF-BA97-8422BA1FFBF6}"
EndProject
Project("{FAE04EC0-301F-11D3-BF4B-00C04F79EFBC}") = "HappyXamDevs.iOS", "HappyXamDevs\HappyXamDevs.iOS\HappyXamDevs.iOS.csproj", "{9AFD533B-0931-46E9-8D2A-18C1F0D46918}"
EndProject
Project("{FAE04EC0-301F-11D3-BF4B-00C04F79EFBC}") = "HappyXamDevs", "HappyXamDevs\HappyXamDevs\HappyXamDevs.csproj", "{7D93C8F3-6535-42AE-92EB-580BDC4DF2E2}"
EndProject
Project("{FAE04EC0-301F-11D3-BF4B-00C04F79EFBC}") = "HappyXamDevs.UWP", "HappyXamDevs\HappyXamDevs.UWP\HappyXamDevs.UWP.csproj", "{292A7008-6907-41B3-AE4B-6078010D821F}"
EndProject
Global
	GlobalSection(SolutionConfigurationPlatforms) = preSolution
		Debug|Any CPU = Debug|Any CPU
		Debug|ARM = Debug|ARM
		Debug|iPhone = Debug|iPhone
		Debug|iPhoneSimulator = Debug|iPhoneSimulator
		Debug|x64 = Debug|x64
		Debug|x86 = Debug|x86
		Release|Any CPU = Release|Any CPU
		Release|ARM = Release|ARM
		Release|iPhone = Release|iPhone
		Release|iPhoneSimulator = Release|iPhoneSimulator
		Release|x64 = Release|x64
		Release|x86 = Release|x86
	EndGlobalSection
	GlobalSection(ProjectConfigurationPlatforms) = postSolution
		{76BF610A-9486-44AF-BA97-8422BA1FFBF6}.Debug|Any CPU.ActiveCfg = Debug|Any CPU
		{76BF610A-9486-44AF-BA97-8422BA1FFBF6}.Debug|Any CPU.Build.0 = Debug|Any CPU
		{76BF610A-9486-44AF-BA97-8422BA1FFBF6}.Debug|Any CPU.Deploy.0 = Debug|Any CPU
		{76BF610A-9486-44AF-BA97-8422BA1FFBF6}.Debug|ARM.ActiveCfg = Debug|Any CPU
		{76BF610A-9486-44AF-BA97-8422BA1FFBF6}.Debug|ARM.Build.0 = Debug|Any CPU
		{76BF610A-9486-44AF-BA97-8422BA1FFBF6}.Debug|ARM.Deploy.0 = Debug|Any CPU
		{76BF610A-9486-44AF-BA97-8422BA1FFBF6}.Debug|iPhone.ActiveCfg = Debug|Any CPU
		{76BF610A-9486-44AF-BA97-8422BA1FFBF6}.Debug|iPhone.Build.0 = Debug|Any CPU
		{76BF610A-9486-44AF-BA97-8422BA1FFBF6}.Debug|iPhone.Deploy.0 = Debug|Any CPU
		{76BF610A-9486-44AF-BA97-8422BA1FFBF6}.Debug|iPhoneSimulator.ActiveCfg = Debug|Any CPU
		{76BF610A-9486-44AF-BA97-8422BA1FFBF6}.Debug|iPhoneSimulator.Build.0 = Debug|Any CPU
		{76BF610A-9486-44AF-BA97-8422BA1FFBF6}.Debug|iPhoneSimulator.Deploy.0 = Debug|Any CPU
		{76BF610A-9486-44AF-BA97-8422BA1FFBF6}.Debug|x64.ActiveCfg = Debug|Any CPU
		{76BF610A-9486-44AF-BA97-8422BA1FFBF6}.Debug|x64.Build.0 = Debug|Any CPU
		{76BF610A-9486-44AF-BA97-8422BA1FFBF6}.Debug|x64.Deploy.0 = Debug|Any CPU
		{76BF610A-9486-44AF-BA97-8422BA1FFBF6}.Debug|x86.ActiveCfg = Debug|Any CPU
		{76BF610A-9486-44AF-BA97-8422BA1FFBF6}.Debug|x86.Build.0 = Debug|Any CPU
		{76BF610A-9486-44AF-BA97-8422BA1FFBF6}.Debug|x86.Deploy.0 = Debug|Any CPU
		{76BF610A-9486-44AF-BA97-8422BA1FFBF6}.Release|Any CPU.ActiveCfg = Release|Any CPU
		{76BF610A-9486-44AF-BA97-8422BA1FFBF6}.Release|Any CPU.Build.0 = Release|Any CPU
		{76BF610A-9486-44AF-BA97-8422BA1FFBF6}.Release|Any CPU.Deploy.0 = Release|Any CPU
		{76BF610A-9486-44AF-BA97-8422BA1FFBF6}.Release|ARM.ActiveCfg = Release|Any CPU
		{76BF610A-9486-44AF-BA97-8422BA1FFBF6}.Release|ARM.Build.0 = Release|Any CPU
		{76BF610A-9486-44AF-BA97-8422BA1FFBF6}.Release|ARM.Deploy.0 = Release|Any CPU
		{76BF610A-9486-44AF-BA97-8422BA1FFBF6}.Release|iPhone.ActiveCfg = Release|Any CPU
		{76BF610A-9486-44AF-BA97-8422BA1FFBF6}.Release|iPhone.Build.0 = Release|Any CPU
		{76BF610A-9486-44AF-BA97-8422BA1FFBF6}.Release|iPhone.Deploy.0 = Release|Any CPU
		{76BF610A-9486-44AF-BA97-8422BA1FFBF6}.Release|iPhoneSimulator.ActiveCfg = Release|Any CPU
		{76BF610A-9486-44AF-BA97-8422BA1FFBF6}.Release|iPhoneSimulator.Build.0 = Release|Any CPU
		{76BF610A-9486-44AF-BA97-8422BA1FFBF6}.Release|iPhoneSimulator.Deploy.0 = Release|Any CPU
		{76BF610A-9486-44AF-BA97-8422BA1FFBF6}.Release|x64.ActiveCfg = Release|Any CPU
		{76BF610A-9486-44AF-BA97-8422BA1FFBF6}.Release|x64.Build.0 = Release|Any CPU
		{76BF610A-9486-44AF-BA97-8422BA1FFBF6}.Release|x64.Deploy.0 = Release|Any CPU
		{76BF610A-9486-44AF-BA97-8422BA1FFBF6}.Release|x86.ActiveCfg = Release|Any CPU
		{76BF610A-9486-44AF-BA97-8422BA1FFBF6}.Release|x86.Build.0 = Release|Any CPU
		{76BF610A-9486-44AF-BA97-8422BA1FFBF6}.Release|x86.Deploy.0 = Release|Any CPU
		{9AFD533B-0931-46E9-8D2A-18C1F0D46918}.Debug|Any CPU.ActiveCfg = Debug|iPhoneSimulator
		{9AFD533B-0931-46E9-8D2A-18C1F0D46918}.Debug|Any CPU.Build.0 = Debug|iPhoneSimulator
		{9AFD533B-0931-46E9-8D2A-18C1F0D46918}.Debug|Any CPU.Deploy.0 = Debug|iPhoneSimulator
		{9AFD533B-0931-46E9-8D2A-18C1F0D46918}.Debug|ARM.ActiveCfg = Debug|iPhone
		{9AFD533B-0931-46E9-8D2A-18C1F0D46918}.Debug|iPhone.ActiveCfg = Debug|iPhone
		{9AFD533B-0931-46E9-8D2A-18C1F0D46918}.Debug|iPhone.Build.0 = Debug|iPhone
		{9AFD533B-0931-46E9-8D2A-18C1F0D46918}.Debug|iPhone.Deploy.0 = Debug|iPhone
		{9AFD533B-0931-46E9-8D2A-18C1F0D46918}.Debug|iPhoneSimulator.ActiveCfg = Debug|iPhoneSimulator
		{9AFD533B-0931-46E9-8D2A-18C1F0D46918}.Debug|iPhoneSimulator.Build.0 = Debug|iPhoneSimulator
		{9AFD533B-0931-46E9-8D2A-18C1F0D46918}.Debug|iPhoneSimulator.Deploy.0 = Debug|iPhoneSimulator
		{9AFD533B-0931-46E9-8D2A-18C1F0D46918}.Debug|x64.ActiveCfg = Debug|iPhone
		{9AFD533B-0931-46E9-8D2A-18C1F0D46918}.Debug|x86.ActiveCfg = Debug|iPhone
		{9AFD533B-0931-46E9-8D2A-18C1F0D46918}.Release|Any CPU.ActiveCfg = Release|iPhone
		{9AFD533B-0931-46E9-8D2A-18C1F0D46918}.Release|Any CPU.Build.0 = Release|iPhone
		{9AFD533B-0931-46E9-8D2A-18C1F0D46918}.Release|Any CPU.Deploy.0 = Release|iPhone
		{9AFD533B-0931-46E9-8D2A-18C1F0D46918}.Release|ARM.ActiveCfg = Release|iPhone
		{9AFD533B-0931-46E9-8D2A-18C1F0D46918}.Release|iPhone.ActiveCfg = Release|iPhone
		{9AFD533B-0931-46E9-8D2A-18C1F0D46918}.Release|iPhone.Build.0 = Release|iPhone
		{9AFD533B-0931-46E9-8D2A-18C1F0D46918}.Release|iPhone.Deploy.0 = Release|iPhone
		{9AFD533B-0931-46E9-8D2A-18C1F0D46918}.Release|iPhoneSimulator.ActiveCfg = Release|iPhoneSimulator
		{9AFD533B-0931-46E9-8D2A-18C1F0D46918}.Release|iPhoneSimulator.Build.0 = Release|iPhoneSimulator
		{9AFD533B-0931-46E9-8D2A-18C1F0D46918}.Release|iPhoneSimulator.Deploy.0 = Release|iPhoneSimulator
		{9AFD533B-0931-46E9-8D2A-18C1F0D46918}.Release|x64.ActiveCfg = Release|iPhone
		{9AFD533B-0931-46E9-8D2A-18C1F0D46918}.Release|x86.ActiveCfg = Release|iPhone
		{7D93C8F3-6535-42AE-92EB-580BDC4DF2E2}.Debug|Any CPU.ActiveCfg = Debug|Any CPU
		{7D93C8F3-6535-42AE-92EB-580BDC4DF2E2}.Debug|Any CPU.Build.0 = Debug|Any CPU
		{7D93C8F3-6535-42AE-92EB-580BDC4DF2E2}.Debug|Any CPU.Deploy.0 = Debug|Any CPU
		{7D93C8F3-6535-42AE-92EB-580BDC4DF2E2}.Debug|ARM.ActiveCfg = Debug|Any CPU
		{7D93C8F3-6535-42AE-92EB-580BDC4DF2E2}.Debug|ARM.Build.0 = Debug|Any CPU
		{7D93C8F3-6535-42AE-92EB-580BDC4DF2E2}.Debug|iPhone.ActiveCfg = Debug|Any CPU
		{7D93C8F3-6535-42AE-92EB-580BDC4DF2E2}.Debug|iPhone.Build.0 = Debug|Any CPU
		{7D93C8F3-6535-42AE-92EB-580BDC4DF2E2}.Debug|iPhone.Deploy.0 = Debug|Any CPU
		{7D93C8F3-6535-42AE-92EB-580BDC4DF2E2}.Debug|iPhoneSimulator.ActiveCfg = Debug|Any CPU
		{7D93C8F3-6535-42AE-92EB-580BDC4DF2E2}.Debug|iPhoneSimulator.Build.0 = Debug|Any CPU
		{7D93C8F3-6535-42AE-92EB-580BDC4DF2E2}.Debug|iPhoneSimulator.Deploy.0 = Debug|Any CPU
		{7D93C8F3-6535-42AE-92EB-580BDC4DF2E2}.Debug|x64.ActiveCfg = Debug|Any CPU
		{7D93C8F3-6535-42AE-92EB-580BDC4DF2E2}.Debug|x64.Build.0 = Debug|Any CPU
		{7D93C8F3-6535-42AE-92EB-580BDC4DF2E2}.Debug|x86.ActiveCfg = Debug|Any CPU
		{7D93C8F3-6535-42AE-92EB-580BDC4DF2E2}.Debug|x86.Build.0 = Debug|Any CPU
		{7D93C8F3-6535-42AE-92EB-580BDC4DF2E2}.Release|Any CPU.ActiveCfg = Release|Any CPU
		{7D93C8F3-6535-42AE-92EB-580BDC4DF2E2}.Release|Any CPU.Build.0 = Release|Any CPU
		{7D93C8F3-6535-42AE-92EB-580BDC4DF2E2}.Release|Any CPU.Deploy.0 = Release|Any CPU
		{7D93C8F3-6535-42AE-92EB-580BDC4DF2E2}.Release|ARM.ActiveCfg = Release|Any CPU
		{7D93C8F3-6535-42AE-92EB-580BDC4DF2E2}.Release|ARM.Build.0 = Release|Any CPU
		{7D93C8F3-6535-42AE-92EB-580BDC4DF2E2}.Release|iPhone.ActiveCfg = Release|Any CPU
		{7D93C8F3-6535-42AE-92EB-580BDC4DF2E2}.Release|iPhone.Build.0 = Release|Any CPU
		{7D93C8F3-6535-42AE-92EB-580BDC4DF2E2}.Release|iPhone.Deploy.0 = Release|Any CPU
		{7D93C8F3-6535-42AE-92EB-580BDC4DF2E2}.Release|iPhoneSimulator.ActiveCfg = Release|Any CPU
		{7D93C8F3-6535-42AE-92EB-580BDC4DF2E2}.Release|iPhoneSimulator.Build.0 = Release|Any CPU
		{7D93C8F3-6535-42AE-92EB-580BDC4DF2E2}.Release|iPhoneSimulator.Deploy.0 = Release|Any CPU
		{7D93C8F3-6535-42AE-92EB-580BDC4DF2E2}.Release|x64.ActiveCfg = Release|Any CPU
		{7D93C8F3-6535-42AE-92EB-580BDC4DF2E2}.Release|x64.Build.0 = Release|Any CPU
		{7D93C8F3-6535-42AE-92EB-580BDC4DF2E2}.Release|x86.ActiveCfg = Release|Any CPU
		{7D93C8F3-6535-42AE-92EB-580BDC4DF2E2}.Release|x86.Build.0 = Release|Any CPU
		{292A7008-6907-41B3-AE4B-6078010D821F}.Debug|Any CPU.ActiveCfg = Debug|x86
		{292A7008-6907-41B3-AE4B-6078010D821F}.Debug|ARM.ActiveCfg = Debug|ARM
		{292A7008-6907-41B3-AE4B-6078010D821F}.Debug|ARM.Build.0 = Debug|ARM
		{292A7008-6907-41B3-AE4B-6078010D821F}.Debug|ARM.Deploy.0 = Debug|ARM
		{292A7008-6907-41B3-AE4B-6078010D821F}.Debug|iPhone.ActiveCfg = Debug|x86
		{292A7008-6907-41B3-AE4B-6078010D821F}.Debug|iPhoneSimulator.ActiveCfg = Debug|x86
		{292A7008-6907-41B3-AE4B-6078010D821F}.Debug|x64.ActiveCfg = Debug|x64
		{292A7008-6907-41B3-AE4B-6078010D821F}.Debug|x64.Build.0 = Debug|x64
		{292A7008-6907-41B3-AE4B-6078010D821F}.Debug|x64.Deploy.0 = Debug|x64
		{292A7008-6907-41B3-AE4B-6078010D821F}.Debug|x86.ActiveCfg = Debug|x86
		{292A7008-6907-41B3-AE4B-6078010D821F}.Debug|x86.Build.0 = Debug|x86
		{292A7008-6907-41B3-AE4B-6078010D821F}.Debug|x86.Deploy.0 = Debug|x86
		{292A7008-6907-41B3-AE4B-6078010D821F}.Release|Any CPU.ActiveCfg = Release|x86
		{292A7008-6907-41B3-AE4B-6078010D821F}.Release|ARM.ActiveCfg = Release|ARM
		{292A7008-6907-41B3-AE4B-6078010D821F}.Release|ARM.Build.0 = Release|ARM
		{292A7008-6907-41B3-AE4B-6078010D821F}.Release|ARM.Deploy.0 = Release|ARM
		{292A7008-6907-41B3-AE4B-6078010D821F}.Release|iPhone.ActiveCfg = Release|x86
		{292A7008-6907-41B3-AE4B-6078010D821F}.Release|iPhoneSimulator.ActiveCfg = Release|x86
		{292A7008-6907-41B3-AE4B-6078010D821F}.Release|x64.ActiveCfg = Release|x64
		{292A7008-6907-41B3-AE4B-6078010D821F}.Release|x64.Build.0 = Release|x64
		{292A7008-6907-41B3-AE4B-6078010D821F}.Release|x64.Deploy.0 = Release|x64
		{292A7008-6907-41B3-AE4B-6078010D821F}.Release|x86.ActiveCfg = Release|x86
		{292A7008-6907-41B3-AE4B-6078010D821F}.Release|x86.Build.0 = Release|x86
		{292A7008-6907-41B3-AE4B-6078010D821F}.Release|x86.Deploy.0 = Release|x86
	EndGlobalSection
	GlobalSection(SolutionProperties) = preSolution
		HideSolutionNode = FALSE
	EndGlobalSection
	GlobalSection(ExtensibilityGlobals) = postSolution
		SolutionGuid = {0EF3E2B9-545F-4B66-AD61-580AB8A0A3AC}
	EndGlobalSection
EndGlobal
