
Microsoft Visual Studio Solution File, Format Version 12.00
# Visual Studio 15
VisualStudioVersion = 15.0.27703.2026
MinimumVisualStudioVersion = 10.0.40219.1
Project("{FAE04EC0-301F-11D3-BF4B-00C04F79EFBC}") = "HappyXamDevs.UWP", "HappyXamDevs\HappyXamDevs.UWP\HappyXamDevs.UWP.csproj", "{292A7008-6907-41B3-AE4B-6078010D821F}"
EndProject
Project("{FAE04EC0-301F-11D3-BF4B-00C04F79EFBC}") = "HappyXamDevs", "HappyXamDevs\HappyXamDevs\HappyXamDevs.csproj", "{B44B8317-2C29-47A0-B839-10C349C30F94}"
EndProject
Project("{FAE04EC0-301F-11D3-BF4B-00C04F79EFBC}") = "HappyXamDevs.Android", "HappyXamDevs\HappyXamDevs.Android\HappyXamDevs.Android.csproj", "{96F4537A-7143-4E80-8A81-F0932D20F45D}"
EndProject
Project("{FAE04EC0-301F-11D3-BF4B-00C04F79EFBC}") = "HappyXamDevs.iOS", "HappyXamDevs\HappyXamDevs.iOS\HappyXamDevs.iOS.csproj", "{EC8A3FD2-C529-4119-8ED1-298A77FA6CA3}"
EndProject
Global
	GlobalSection(SolutionConfigurationPlatforms) = preSolution
		Ad-Hoc|Any CPU = Ad-Hoc|Any CPU
		Ad-Hoc|ARM = Ad-Hoc|ARM
		Ad-Hoc|iPhone = Ad-Hoc|iPhone
		Ad-Hoc|iPhoneSimulator = Ad-Hoc|iPhoneSimulator
		Ad-Hoc|x64 = Ad-Hoc|x64
		Ad-Hoc|x86 = Ad-Hoc|x86
		AppStore|Any CPU = AppStore|Any CPU
		AppStore|ARM = AppStore|ARM
		AppStore|iPhone = AppStore|iPhone
		AppStore|iPhoneSimulator = AppStore|iPhoneSimulator
		AppStore|x64 = AppStore|x64
		AppStore|x86 = AppStore|x86
		Debug|Any CPU = Debug|Any CPU
		Debug|ARM = Debug|ARM
		Debug|iPhone = Debug|iPhone
		Debug|iPhoneSimulator = Debug|iPhoneSimulator
		Debug|x64 = Debug|x64
		Debug|x86 = Debug|x86
		Release|Any CPU = Release|Any CPU
		Release|ARM = Release|ARM
		Release|iPhone = Release|iPhone
		Release|iPhoneSimulator = Release|iPhoneSimulator
		Release|x64 = Release|x64
		Release|x86 = Release|x86
	EndGlobalSection
	GlobalSection(ProjectConfigurationPlatforms) = postSolution
		{292A7008-6907-41B3-AE4B-6078010D821F}.Ad-Hoc|Any CPU.ActiveCfg = Release|x86
		{292A7008-6907-41B3-AE4B-6078010D821F}.Ad-Hoc|Any CPU.Build.0 = Release|x86
		{292A7008-6907-41B3-AE4B-6078010D821F}.Ad-Hoc|Any CPU.Deploy.0 = Release|x86
		{292A7008-6907-41B3-AE4B-6078010D821F}.Ad-Hoc|ARM.ActiveCfg = Release|ARM
		{292A7008-6907-41B3-AE4B-6078010D821F}.Ad-Hoc|ARM.Build.0 = Release|ARM
		{292A7008-6907-41B3-AE4B-6078010D821F}.Ad-Hoc|ARM.Deploy.0 = Release|ARM
		{292A7008-6907-41B3-AE4B-6078010D821F}.Ad-Hoc|iPhone.ActiveCfg = Release|x86
		{292A7008-6907-41B3-AE4B-6078010D821F}.Ad-Hoc|iPhone.Build.0 = Release|x86
		{292A7008-6907-41B3-AE4B-6078010D821F}.Ad-Hoc|iPhone.Deploy.0 = Release|x86
		{292A7008-6907-41B3-AE4B-6078010D821F}.Ad-Hoc|iPhoneSimulator.ActiveCfg = Release|x86
		{292A7008-6907-41B3-AE4B-6078010D821F}.Ad-Hoc|iPhoneSimulator.Build.0 = Release|x86
		{292A7008-6907-41B3-AE4B-6078010D821F}.Ad-Hoc|iPhoneSimulator.Deploy.0 = Release|x86
		{292A7008-6907-41B3-AE4B-6078010D821F}.Ad-Hoc|x64.ActiveCfg = Release|x64
		{292A7008-6907-41B3-AE4B-6078010D821F}.Ad-Hoc|x64.Build.0 = Release|x64
		{292A7008-6907-41B3-AE4B-6078010D821F}.Ad-Hoc|x64.Deploy.0 = Release|x64
		{292A7008-6907-41B3-AE4B-6078010D821F}.Ad-Hoc|x86.ActiveCfg = Release|x86
		{292A7008-6907-41B3-AE4B-6078010D821F}.Ad-Hoc|x86.Build.0 = Release|x86
		{292A7008-6907-41B3-AE4B-6078010D821F}.Ad-Hoc|x86.Deploy.0 = Release|x86
		{292A7008-6907-41B3-AE4B-6078010D821F}.AppStore|Any CPU.ActiveCfg = Release|x86
		{292A7008-6907-41B3-AE4B-6078010D821F}.AppStore|Any CPU.Build.0 = Release|x86
		{292A7008-6907-41B3-AE4B-6078010D821F}.AppStore|Any CPU.Deploy.0 = Release|x86
		{292A7008-6907-41B3-AE4B-6078010D821F}.AppStore|ARM.ActiveCfg = Release|ARM
		{292A7008-6907-41B3-AE4B-6078010D821F}.AppStore|ARM.Build.0 = Release|ARM
		{292A7008-6907-41B3-AE4B-6078010D821F}.AppStore|ARM.Deploy.0 = Release|ARM
		{292A7008-6907-41B3-AE4B-6078010D821F}.AppStore|iPhone.ActiveCfg = Release|x86
		{292A7008-6907-41B3-AE4B-6078010D821F}.AppStore|iPhone.Build.0 = Release|x86
		{292A7008-6907-41B3-AE4B-6078010D821F}.AppStore|iPhone.Deploy.0 = Release|x86
		{292A7008-6907-41B3-AE4B-6078010D821F}.AppStore|iPhoneSimulator.ActiveCfg = Release|x86
		{292A7008-6907-41B3-AE4B-6078010D821F}.AppStore|iPhoneSimulator.Build.0 = Release|x86
		{292A7008-6907-41B3-AE4B-6078010D821F}.AppStore|iPhoneSimulator.Deploy.0 = Release|x86
		{292A7008-6907-41B3-AE4B-6078010D821F}.AppStore|x64.ActiveCfg = Release|x64
		{292A7008-6907-41B3-AE4B-6078010D821F}.AppStore|x64.Build.0 = Release|x64
		{292A7008-6907-41B3-AE4B-6078010D821F}.AppStore|x64.Deploy.0 = Release|x64
		{292A7008-6907-41B3-AE4B-6078010D821F}.AppStore|x86.ActiveCfg = Release|x86
		{292A7008-6907-41B3-AE4B-6078010D821F}.AppStore|x86.Build.0 = Release|x86
		{292A7008-6907-41B3-AE4B-6078010D821F}.AppStore|x86.Deploy.0 = Release|x86
		{292A7008-6907-41B3-AE4B-6078010D821F}.Debug|Any CPU.ActiveCfg = Debug|x86
		{292A7008-6907-41B3-AE4B-6078010D821F}.Debug|Any CPU.Build.0 = Debug|x86
		{292A7008-6907-41B3-AE4B-6078010D821F}.Debug|Any CPU.Deploy.0 = Debug|x86
		{292A7008-6907-41B3-AE4B-6078010D821F}.Debug|ARM.ActiveCfg = Debug|ARM
		{292A7008-6907-41B3-AE4B-6078010D821F}.Debug|ARM.Build.0 = Debug|ARM
		{292A7008-6907-41B3-AE4B-6078010D821F}.Debug|ARM.Deploy.0 = Debug|ARM
		{292A7008-6907-41B3-AE4B-6078010D821F}.Debug|iPhone.ActiveCfg = Debug|x86
		{292A7008-6907-41B3-AE4B-6078010D821F}.Debug|iPhone.Build.0 = Debug|x86
		{292A7008-6907-41B3-AE4B-6078010D821F}.Debug|iPhone.Deploy.0 = Debug|x86
		{292A7008-6907-41B3-AE4B-6078010D821F}.Debug|iPhoneSimulator.ActiveCfg = Debug|x86
		{292A7008-6907-41B3-AE4B-6078010D821F}.Debug|iPhoneSimulator.Build.0 = Debug|x86
		{292A7008-6907-41B3-AE4B-6078010D821F}.Debug|iPhoneSimulator.Deploy.0 = Debug|x86
		{292A7008-6907-41B3-AE4B-6078010D821F}.Debug|x64.ActiveCfg = Debug|x64
		{292A7008-6907-41B3-AE4B-6078010D821F}.Debug|x64.Build.0 = Debug|x64
		{292A7008-6907-41B3-AE4B-6078010D821F}.Debug|x64.Deploy.0 = Debug|x64
		{292A7008-6907-41B3-AE4B-6078010D821F}.Debug|x86.ActiveCfg = Debug|x86
		{292A7008-6907-41B3-AE4B-6078010D821F}.Debug|x86.Build.0 = Debug|x86
		{292A7008-6907-41B3-AE4B-6078010D821F}.Debug|x86.Deploy.0 = Debug|x86
		{292A7008-6907-41B3-AE4B-6078010D821F}.Release|Any CPU.ActiveCfg = Release|x86
		{292A7008-6907-41B3-AE4B-6078010D821F}.Release|Any CPU.Build.0 = Release|x86
		{292A7008-6907-41B3-AE4B-6078010D821F}.Release|Any CPU.Deploy.0 = Release|x86
		{292A7008-6907-41B3-AE4B-6078010D821F}.Release|ARM.ActiveCfg = Release|ARM
		{292A7008-6907-41B3-AE4B-6078010D821F}.Release|ARM.Build.0 = Release|ARM
		{292A7008-6907-41B3-AE4B-6078010D821F}.Release|ARM.Deploy.0 = Release|ARM
		{292A7008-6907-41B3-AE4B-6078010D821F}.Release|iPhone.ActiveCfg = Release|x86
		{292A7008-6907-41B3-AE4B-6078010D821F}.Release|iPhone.Build.0 = Release|x86
		{292A7008-6907-41B3-AE4B-6078010D821F}.Release|iPhone.Deploy.0 = Release|x86
		{292A7008-6907-41B3-AE4B-6078010D821F}.Release|iPhoneSimulator.ActiveCfg = Release|x86
		{292A7008-6907-41B3-AE4B-6078010D821F}.Release|iPhoneSimulator.Build.0 = Release|x86
		{292A7008-6907-41B3-AE4B-6078010D821F}.Release|iPhoneSimulator.Deploy.0 = Release|x86
		{292A7008-6907-41B3-AE4B-6078010D821F}.Release|x64.ActiveCfg = Release|x64
		{292A7008-6907-41B3-AE4B-6078010D821F}.Release|x64.Build.0 = Release|x64
		{292A7008-6907-41B3-AE4B-6078010D821F}.Release|x64.Deploy.0 = Release|x64
		{292A7008-6907-41B3-AE4B-6078010D821F}.Release|x86.ActiveCfg = Release|x86
		{292A7008-6907-41B3-AE4B-6078010D821F}.Release|x86.Build.0 = Release|x86
		{292A7008-6907-41B3-AE4B-6078010D821F}.Release|x86.Deploy.0 = Release|x86
		{B44B8317-2C29-47A0-B839-10C349C30F94}.Ad-Hoc|Any CPU.ActiveCfg = Debug|Any CPU
		{B44B8317-2C29-47A0-B839-10C349C30F94}.Ad-Hoc|Any CPU.Build.0 = Debug|Any CPU
		{B44B8317-2C29-47A0-B839-10C349C30F94}.Ad-Hoc|Any CPU.Deploy.0 = Debug|Any CPU
		{B44B8317-2C29-47A0-B839-10C349C30F94}.Ad-Hoc|ARM.ActiveCfg = Debug|Any CPU
		{B44B8317-2C29-47A0-B839-10C349C30F94}.Ad-Hoc|ARM.Build.0 = Debug|Any CPU
		{B44B8317-2C29-47A0-B839-10C349C30F94}.Ad-Hoc|ARM.Deploy.0 = Debug|Any CPU
		{B44B8317-2C29-47A0-B839-10C349C30F94}.Ad-Hoc|iPhone.ActiveCfg = Debug|Any CPU
		{B44B8317-2C29-47A0-B839-10C349C30F94}.Ad-Hoc|iPhone.Build.0 = Debug|Any CPU
		{B44B8317-2C29-47A0-B839-10C349C30F94}.Ad-Hoc|iPhone.Deploy.0 = Debug|Any CPU
		{B44B8317-2C29-47A0-B839-10C349C30F94}.Ad-Hoc|iPhoneSimulator.ActiveCfg = Debug|Any CPU
		{B44B8317-2C29-47A0-B839-10C349C30F94}.Ad-Hoc|iPhoneSimulator.Build.0 = Debug|Any CPU
		{B44B8317-2C29-47A0-B839-10C349C30F94}.Ad-Hoc|iPhoneSimulator.Deploy.0 = Debug|Any CPU
		{B44B8317-2C29-47A0-B839-10C349C30F94}.Ad-Hoc|x64.ActiveCfg = Debug|Any CPU
		{B44B8317-2C29-47A0-B839-10C349C30F94}.Ad-Hoc|x64.Build.0 = Debug|Any CPU
		{B44B8317-2C29-47A0-B839-10C349C30F94}.Ad-Hoc|x64.Deploy.0 = Debug|Any CPU
		{B44B8317-2C29-47A0-B839-10C349C30F94}.Ad-Hoc|x86.ActiveCfg = Debug|Any CPU
		{B44B8317-2C29-47A0-B839-10C349C30F94}.Ad-Hoc|x86.Build.0 = Debug|Any CPU
		{B44B8317-2C29-47A0-B839-10C349C30F94}.Ad-Hoc|x86.Deploy.0 = Debug|Any CPU
		{B44B8317-2C29-47A0-B839-10C349C30F94}.AppStore|Any CPU.ActiveCfg = Debug|Any CPU
		{B44B8317-2C29-47A0-B839-10C349C30F94}.AppStore|Any CPU.Build.0 = Debug|Any CPU
		{B44B8317-2C29-47A0-B839-10C349C30F94}.AppStore|Any CPU.Deploy.0 = Debug|Any CPU
		{B44B8317-2C29-47A0-B839-10C349C30F94}.AppStore|ARM.ActiveCfg = Debug|Any CPU
		{B44B8317-2C29-47A0-B839-10C349C30F94}.AppStore|ARM.Build.0 = Debug|Any CPU
		{B44B8317-2C29-47A0-B839-10C349C30F94}.AppStore|ARM.Deploy.0 = Debug|Any CPU
		{B44B8317-2C29-47A0-B839-10C349C30F94}.AppStore|iPhone.ActiveCfg = Debug|Any CPU
		{B44B8317-2C29-47A0-B839-10C349C30F94}.AppStore|iPhone.Build.0 = Debug|Any CPU
		{B44B8317-2C29-47A0-B839-10C349C30F94}.AppStore|iPhone.Deploy.0 = Debug|Any CPU
		{B44B8317-2C29-47A0-B839-10C349C30F94}.AppStore|iPhoneSimulator.ActiveCfg = Debug|Any CPU
		{B44B8317-2C29-47A0-B839-10C349C30F94}.AppStore|iPhoneSimulator.Build.0 = Debug|Any CPU
		{B44B8317-2C29-47A0-B839-10C349C30F94}.AppStore|iPhoneSimulator.Deploy.0 = Debug|Any CPU
		{B44B8317-2C29-47A0-B839-10C349C30F94}.AppStore|x64.ActiveCfg = Debug|Any CPU
		{B44B8317-2C29-47A0-B839-10C349C30F94}.AppStore|x64.Build.0 = Debug|Any CPU
		{B44B8317-2C29-47A0-B839-10C349C30F94}.AppStore|x64.Deploy.0 = Debug|Any CPU
		{B44B8317-2C29-47A0-B839-10C349C30F94}.AppStore|x86.ActiveCfg = Debug|Any CPU
		{B44B8317-2C29-47A0-B839-10C349C30F94}.AppStore|x86.Build.0 = Debug|Any CPU
		{B44B8317-2C29-47A0-B839-10C349C30F94}.AppStore|x86.Deploy.0 = Debug|Any CPU
		{B44B8317-2C29-47A0-B839-10C349C30F94}.Debug|Any CPU.ActiveCfg = Debug|Any CPU
		{B44B8317-2C29-47A0-B839-10C349C30F94}.Debug|Any CPU.Build.0 = Debug|Any CPU
		{B44B8317-2C29-47A0-B839-10C349C30F94}.Debug|Any CPU.Deploy.0 = Debug|Any CPU
		{B44B8317-2C29-47A0-B839-10C349C30F94}.Debug|ARM.ActiveCfg = Debug|Any CPU
		{B44B8317-2C29-47A0-B839-10C349C30F94}.Debug|ARM.Build.0 = Debug|Any CPU
		{B44B8317-2C29-47A0-B839-10C349C30F94}.Debug|ARM.Deploy.0 = Debug|Any CPU
		{B44B8317-2C29-47A0-B839-10C349C30F94}.Debug|iPhone.ActiveCfg = Debug|Any CPU
		{B44B8317-2C29-47A0-B839-10C349C30F94}.Debug|iPhone.Build.0 = Debug|Any CPU
		{B44B8317-2C29-47A0-B839-10C349C30F94}.Debug|iPhone.Deploy.0 = Debug|Any CPU
		{B44B8317-2C29-47A0-B839-10C349C30F94}.Debug|iPhoneSimulator.ActiveCfg = Debug|Any CPU
		{B44B8317-2C29-47A0-B839-10C349C30F94}.Debug|iPhoneSimulator.Build.0 = Debug|Any CPU
		{B44B8317-2C29-47A0-B839-10C349C30F94}.Debug|iPhoneSimulator.Deploy.0 = Debug|Any CPU
		{B44B8317-2C29-47A0-B839-10C349C30F94}.Debug|x64.ActiveCfg = Debug|Any CPU
		{B44B8317-2C29-47A0-B839-10C349C30F94}.Debug|x64.Build.0 = Debug|Any CPU
		{B44B8317-2C29-47A0-B839-10C349C30F94}.Debug|x64.Deploy.0 = Debug|Any CPU
		{B44B8317-2C29-47A0-B839-10C349C30F94}.Debug|x86.ActiveCfg = Debug|Any CPU
		{B44B8317-2C29-47A0-B839-10C349C30F94}.Debug|x86.Build.0 = Debug|Any CPU
		{B44B8317-2C29-47A0-B839-10C349C30F94}.Debug|x86.Deploy.0 = Debug|Any CPU
		{B44B8317-2C29-47A0-B839-10C349C30F94}.Release|Any CPU.ActiveCfg = Release|Any CPU
		{B44B8317-2C29-47A0-B839-10C349C30F94}.Release|Any CPU.Build.0 = Release|Any CPU
		{B44B8317-2C29-47A0-B839-10C349C30F94}.Release|Any CPU.Deploy.0 = Release|Any CPU
		{B44B8317-2C29-47A0-B839-10C349C30F94}.Release|ARM.ActiveCfg = Release|Any CPU
		{B44B8317-2C29-47A0-B839-10C349C30F94}.Release|ARM.Build.0 = Release|Any CPU
		{B44B8317-2C29-47A0-B839-10C349C30F94}.Release|ARM.Deploy.0 = Release|Any CPU
		{B44B8317-2C29-47A0-B839-10C349C30F94}.Release|iPhone.ActiveCfg = Release|Any CPU
		{B44B8317-2C29-47A0-B839-10C349C30F94}.Release|iPhone.Build.0 = Release|Any CPU
		{B44B8317-2C29-47A0-B839-10C349C30F94}.Release|iPhone.Deploy.0 = Release|Any CPU
		{B44B8317-2C29-47A0-B839-10C349C30F94}.Release|iPhoneSimulator.ActiveCfg = Release|Any CPU
		{B44B8317-2C29-47A0-B839-10C349C30F94}.Release|iPhoneSimulator.Build.0 = Release|Any CPU
		{B44B8317-2C29-47A0-B839-10C349C30F94}.Release|iPhoneSimulator.Deploy.0 = Release|Any CPU
		{B44B8317-2C29-47A0-B839-10C349C30F94}.Release|x64.ActiveCfg = Release|Any CPU
		{B44B8317-2C29-47A0-B839-10C349C30F94}.Release|x64.Build.0 = Release|Any CPU
		{B44B8317-2C29-47A0-B839-10C349C30F94}.Release|x64.Deploy.0 = Release|Any CPU
		{B44B8317-2C29-47A0-B839-10C349C30F94}.Release|x86.ActiveCfg = Release|Any CPU
		{B44B8317-2C29-47A0-B839-10C349C30F94}.Release|x86.Build.0 = Release|Any CPU
		{B44B8317-2C29-47A0-B839-10C349C30F94}.Release|x86.Deploy.0 = Release|Any CPU
		{96F4537A-7143-4E80-8A81-F0932D20F45D}.Ad-Hoc|Any CPU.ActiveCfg = Release|Any CPU
		{96F4537A-7143-4E80-8A81-F0932D20F45D}.Ad-Hoc|Any CPU.Build.0 = Release|Any CPU
		{96F4537A-7143-4E80-8A81-F0932D20F45D}.Ad-Hoc|Any CPU.Deploy.0 = Release|Any CPU
		{96F4537A-7143-4E80-8A81-F0932D20F45D}.Ad-Hoc|ARM.ActiveCfg = Release|Any CPU
		{96F4537A-7143-4E80-8A81-F0932D20F45D}.Ad-Hoc|ARM.Build.0 = Release|Any CPU
		{96F4537A-7143-4E80-8A81-F0932D20F45D}.Ad-Hoc|ARM.Deploy.0 = Release|Any CPU
		{96F4537A-7143-4E80-8A81-F0932D20F45D}.Ad-Hoc|iPhone.ActiveCfg = Release|Any CPU
		{96F4537A-7143-4E80-8A81-F0932D20F45D}.Ad-Hoc|iPhone.Build.0 = Release|Any CPU
		{96F4537A-7143-4E80-8A81-F0932D20F45D}.Ad-Hoc|iPhone.Deploy.0 = Release|Any CPU
		{96F4537A-7143-4E80-8A81-F0932D20F45D}.Ad-Hoc|iPhoneSimulator.ActiveCfg = Release|Any CPU
		{96F4537A-7143-4E80-8A81-F0932D20F45D}.Ad-Hoc|iPhoneSimulator.Build.0 = Release|Any CPU
		{96F4537A-7143-4E80-8A81-F0932D20F45D}.Ad-Hoc|iPhoneSimulator.Deploy.0 = Release|Any CPU
		{96F4537A-7143-4E80-8A81-F0932D20F45D}.Ad-Hoc|x64.ActiveCfg = Release|Any CPU
		{96F4537A-7143-4E80-8A81-F0932D20F45D}.Ad-Hoc|x64.Build.0 = Release|Any CPU
		{96F4537A-7143-4E80-8A81-F0932D20F45D}.Ad-Hoc|x64.Deploy.0 = Release|Any CPU
		{96F4537A-7143-4E80-8A81-F0932D20F45D}.Ad-Hoc|x86.ActiveCfg = Release|Any CPU
		{96F4537A-7143-4E80-8A81-F0932D20F45D}.Ad-Hoc|x86.Build.0 = Release|Any CPU
		{96F4537A-7143-4E80-8A81-F0932D20F45D}.Ad-Hoc|x86.Deploy.0 = Release|Any CPU
		{96F4537A-7143-4E80-8A81-F0932D20F45D}.AppStore|Any CPU.ActiveCfg = Release|Any CPU
		{96F4537A-7143-4E80-8A81-F0932D20F45D}.AppStore|Any CPU.Build.0 = Release|Any CPU
		{96F4537A-7143-4E80-8A81-F0932D20F45D}.AppStore|Any CPU.Deploy.0 = Release|Any CPU
		{96F4537A-7143-4E80-8A81-F0932D20F45D}.AppStore|ARM.ActiveCfg = Release|Any CPU
		{96F4537A-7143-4E80-8A81-F0932D20F45D}.AppStore|ARM.Build.0 = Release|Any CPU
		{96F4537A-7143-4E80-8A81-F0932D20F45D}.AppStore|ARM.Deploy.0 = Release|Any CPU
		{96F4537A-7143-4E80-8A81-F0932D20F45D}.AppStore|iPhone.ActiveCfg = Release|Any CPU
		{96F4537A-7143-4E80-8A81-F0932D20F45D}.AppStore|iPhone.Build.0 = Release|Any CPU
		{96F4537A-7143-4E80-8A81-F0932D20F45D}.AppStore|iPhone.Deploy.0 = Release|Any CPU
		{96F4537A-7143-4E80-8A81-F0932D20F45D}.AppStore|iPhoneSimulator.ActiveCfg = Release|Any CPU
		{96F4537A-7143-4E80-8A81-F0932D20F45D}.AppStore|iPhoneSimulator.Build.0 = Release|Any CPU
		{96F4537A-7143-4E80-8A81-F0932D20F45D}.AppStore|iPhoneSimulator.Deploy.0 = Release|Any CPU
		{96F4537A-7143-4E80-8A81-F0932D20F45D}.AppStore|x64.ActiveCfg = Release|Any CPU
		{96F4537A-7143-4E80-8A81-F0932D20F45D}.AppStore|x64.Build.0 = Release|Any CPU
		{96F4537A-7143-4E80-8A81-F0932D20F45D}.AppStore|x64.Deploy.0 = Release|Any CPU
		{96F4537A-7143-4E80-8A81-F0932D20F45D}.AppStore|x86.ActiveCfg = Release|Any CPU
		{96F4537A-7143-4E80-8A81-F0932D20F45D}.AppStore|x86.Build.0 = Release|Any CPU
		{96F4537A-7143-4E80-8A81-F0932D20F45D}.AppStore|x86.Deploy.0 = Release|Any CPU
		{96F4537A-7143-4E80-8A81-F0932D20F45D}.Debug|Any CPU.ActiveCfg = Debug|Any CPU
		{96F4537A-7143-4E80-8A81-F0932D20F45D}.Debug|Any CPU.Build.0 = Debug|Any CPU
		{96F4537A-7143-4E80-8A81-F0932D20F45D}.Debug|Any CPU.Deploy.0 = Debug|Any CPU
		{96F4537A-7143-4E80-8A81-F0932D20F45D}.Debug|ARM.ActiveCfg = Debug|Any CPU
		{96F4537A-7143-4E80-8A81-F0932D20F45D}.Debug|ARM.Build.0 = Debug|Any CPU
		{96F4537A-7143-4E80-8A81-F0932D20F45D}.Debug|ARM.Deploy.0 = Debug|Any CPU
		{96F4537A-7143-4E80-8A81-F0932D20F45D}.Debug|iPhone.ActiveCfg = Debug|Any CPU
		{96F4537A-7143-4E80-8A81-F0932D20F45D}.Debug|iPhone.Build.0 = Debug|Any CPU
		{96F4537A-7143-4E80-8A81-F0932D20F45D}.Debug|iPhone.Deploy.0 = Debug|Any CPU
		{96F4537A-7143-4E80-8A81-F0932D20F45D}.Debug|iPhoneSimulator.ActiveCfg = Debug|Any CPU
		{96F4537A-7143-4E80-8A81-F0932D20F45D}.Debug|iPhoneSimulator.Build.0 = Debug|Any CPU
		{96F4537A-7143-4E80-8A81-F0932D20F45D}.Debug|iPhoneSimulator.Deploy.0 = Debug|Any CPU
		{96F4537A-7143-4E80-8A81-F0932D20F45D}.Debug|x64.ActiveCfg = Debug|Any CPU
		{96F4537A-7143-4E80-8A81-F0932D20F45D}.Debug|x64.Build.0 = Debug|Any CPU
		{96F4537A-7143-4E80-8A81-F0932D20F45D}.Debug|x64.Deploy.0 = Debug|Any CPU
		{96F4537A-7143-4E80-8A81-F0932D20F45D}.Debug|x86.ActiveCfg = Debug|Any CPU
		{96F4537A-7143-4E80-8A81-F0932D20F45D}.Debug|x86.Build.0 = Debug|Any CPU
		{96F4537A-7143-4E80-8A81-F0932D20F45D}.Debug|x86.Deploy.0 = Debug|Any CPU
		{96F4537A-7143-4E80-8A81-F0932D20F45D}.Release|Any CPU.ActiveCfg = Release|Any CPU
		{96F4537A-7143-4E80-8A81-F0932D20F45D}.Release|Any CPU.Build.0 = Release|Any CPU
		{96F4537A-7143-4E80-8A81-F0932D20F45D}.Release|Any CPU.Deploy.0 = Release|Any CPU
		{96F4537A-7143-4E80-8A81-F0932D20F45D}.Release|ARM.ActiveCfg = Release|Any CPU
		{96F4537A-7143-4E80-8A81-F0932D20F45D}.Release|ARM.Build.0 = Release|Any CPU
		{96F4537A-7143-4E80-8A81-F0932D20F45D}.Release|ARM.Deploy.0 = Release|Any CPU
		{96F4537A-7143-4E80-8A81-F0932D20F45D}.Release|iPhone.ActiveCfg = Release|Any CPU
		{96F4537A-7143-4E80-8A81-F0932D20F45D}.Release|iPhone.Build.0 = Release|Any CPU
		{96F4537A-7143-4E80-8A81-F0932D20F45D}.Release|iPhone.Deploy.0 = Release|Any CPU
		{96F4537A-7143-4E80-8A81-F0932D20F45D}.Release|iPhoneSimulator.ActiveCfg = Release|Any CPU
		{96F4537A-7143-4E80-8A81-F0932D20F45D}.Release|iPhoneSimulator.Build.0 = Release|Any CPU
		{96F4537A-7143-4E80-8A81-F0932D20F45D}.Release|iPhoneSimulator.Deploy.0 = Release|Any CPU
		{96F4537A-7143-4E80-8A81-F0932D20F45D}.Release|x64.ActiveCfg = Release|Any CPU
		{96F4537A-7143-4E80-8A81-F0932D20F45D}.Release|x64.Build.0 = Release|Any CPU
		{96F4537A-7143-4E80-8A81-F0932D20F45D}.Release|x64.Deploy.0 = Release|Any CPU
		{96F4537A-7143-4E80-8A81-F0932D20F45D}.Release|x86.ActiveCfg = Release|Any CPU
		{96F4537A-7143-4E80-8A81-F0932D20F45D}.Release|x86.Build.0 = Release|Any CPU
		{96F4537A-7143-4E80-8A81-F0932D20F45D}.Release|x86.Deploy.0 = Release|Any CPU
		{EC8A3FD2-C529-4119-8ED1-298A77FA6CA3}.Ad-Hoc|Any CPU.ActiveCfg = Ad-Hoc|iPhone
		{EC8A3FD2-C529-4119-8ED1-298A77FA6CA3}.Ad-Hoc|Any CPU.Build.0 = Ad-Hoc|iPhone
		{EC8A3FD2-C529-4119-8ED1-298A77FA6CA3}.Ad-Hoc|Any CPU.Deploy.0 = Ad-Hoc|iPhone
		{EC8A3FD2-C529-4119-8ED1-298A77FA6CA3}.Ad-Hoc|ARM.ActiveCfg = Ad-Hoc|iPhone
		{EC8A3FD2-C529-4119-8ED1-298A77FA6CA3}.Ad-Hoc|ARM.Build.0 = Ad-Hoc|iPhone
		{EC8A3FD2-C529-4119-8ED1-298A77FA6CA3}.Ad-Hoc|ARM.Deploy.0 = Ad-Hoc|iPhone
		{EC8A3FD2-C529-4119-8ED1-298A77FA6CA3}.Ad-Hoc|iPhone.ActiveCfg = Ad-Hoc|iPhone
		{EC8A3FD2-C529-4119-8ED1-298A77FA6CA3}.Ad-Hoc|iPhone.Build.0 = Ad-Hoc|iPhone
		{EC8A3FD2-C529-4119-8ED1-298A77FA6CA3}.Ad-Hoc|iPhone.Deploy.0 = Ad-Hoc|iPhone
		{EC8A3FD2-C529-4119-8ED1-298A77FA6CA3}.Ad-Hoc|iPhoneSimulator.ActiveCfg = Ad-Hoc|iPhoneSimulator
		{EC8A3FD2-C529-4119-8ED1-298A77FA6CA3}.Ad-Hoc|iPhoneSimulator.Build.0 = Ad-Hoc|iPhoneSimulator
		{EC8A3FD2-C529-4119-8ED1-298A77FA6CA3}.Ad-Hoc|iPhoneSimulator.Deploy.0 = Ad-Hoc|iPhoneSimulator
		{EC8A3FD2-C529-4119-8ED1-298A77FA6CA3}.Ad-Hoc|x64.ActiveCfg = Ad-Hoc|iPhone
		{EC8A3FD2-C529-4119-8ED1-298A77FA6CA3}.Ad-Hoc|x64.Build.0 = Ad-Hoc|iPhone
		{EC8A3FD2-C529-4119-8ED1-298A77FA6CA3}.Ad-Hoc|x64.Deploy.0 = Ad-Hoc|iPhone
		{EC8A3FD2-C529-4119-8ED1-298A77FA6CA3}.Ad-Hoc|x86.ActiveCfg = Ad-Hoc|iPhone
		{EC8A3FD2-C529-4119-8ED1-298A77FA6CA3}.Ad-Hoc|x86.Build.0 = Ad-Hoc|iPhone
		{EC8A3FD2-C529-4119-8ED1-298A77FA6CA3}.Ad-Hoc|x86.Deploy.0 = Ad-Hoc|iPhone
		{EC8A3FD2-C529-4119-8ED1-298A77FA6CA3}.AppStore|Any CPU.ActiveCfg = AppStore|iPhone
		{EC8A3FD2-C529-4119-8ED1-298A77FA6CA3}.AppStore|Any CPU.Build.0 = AppStore|iPhone
		{EC8A3FD2-C529-4119-8ED1-298A77FA6CA3}.AppStore|Any CPU.Deploy.0 = AppStore|iPhone
		{EC8A3FD2-C529-4119-8ED1-298A77FA6CA3}.AppStore|ARM.ActiveCfg = AppStore|iPhone
		{EC8A3FD2-C529-4119-8ED1-298A77FA6CA3}.AppStore|ARM.Build.0 = AppStore|iPhone
		{EC8A3FD2-C529-4119-8ED1-298A77FA6CA3}.AppStore|ARM.Deploy.0 = AppStore|iPhone
		{EC8A3FD2-C529-4119-8ED1-298A77FA6CA3}.AppStore|iPhone.ActiveCfg = AppStore|iPhone
		{EC8A3FD2-C529-4119-8ED1-298A77FA6CA3}.AppStore|iPhone.Build.0 = AppStore|iPhone
		{EC8A3FD2-C529-4119-8ED1-298A77FA6CA3}.AppStore|iPhone.Deploy.0 = AppStore|iPhone
		{EC8A3FD2-C529-4119-8ED1-298A77FA6CA3}.AppStore|iPhoneSimulator.ActiveCfg = AppStore|iPhoneSimulator
		{EC8A3FD2-C529-4119-8ED1-298A77FA6CA3}.AppStore|iPhoneSimulator.Build.0 = AppStore|iPhoneSimulator
		{EC8A3FD2-C529-4119-8ED1-298A77FA6CA3}.AppStore|iPhoneSimulator.Deploy.0 = AppStore|iPhoneSimulator
		{EC8A3FD2-C529-4119-8ED1-298A77FA6CA3}.AppStore|x64.ActiveCfg = AppStore|iPhone
		{EC8A3FD2-C529-4119-8ED1-298A77FA6CA3}.AppStore|x64.Build.0 = AppStore|iPhone
		{EC8A3FD2-C529-4119-8ED1-298A77FA6CA3}.AppStore|x64.Deploy.0 = AppStore|iPhone
		{EC8A3FD2-C529-4119-8ED1-298A77FA6CA3}.AppStore|x86.ActiveCfg = AppStore|iPhone
		{EC8A3FD2-C529-4119-8ED1-298A77FA6CA3}.AppStore|x86.Build.0 = AppStore|iPhone
		{EC8A3FD2-C529-4119-8ED1-298A77FA6CA3}.AppStore|x86.Deploy.0 = AppStore|iPhone
		{EC8A3FD2-C529-4119-8ED1-298A77FA6CA3}.Debug|Any CPU.ActiveCfg = Debug|iPhoneSimulator
		{EC8A3FD2-C529-4119-8ED1-298A77FA6CA3}.Debug|Any CPU.Build.0 = Debug|iPhoneSimulator
		{EC8A3FD2-C529-4119-8ED1-298A77FA6CA3}.Debug|Any CPU.Deploy.0 = Debug|iPhoneSimulator
		{EC8A3FD2-C529-4119-8ED1-298A77FA6CA3}.Debug|ARM.ActiveCfg = Debug|iPhone
		{EC8A3FD2-C529-4119-8ED1-298A77FA6CA3}.Debug|ARM.Build.0 = Debug|iPhone
		{EC8A3FD2-C529-4119-8ED1-298A77FA6CA3}.Debug|ARM.Deploy.0 = Debug|iPhone
		{EC8A3FD2-C529-4119-8ED1-298A77FA6CA3}.Debug|iPhone.ActiveCfg = Debug|iPhone
		{EC8A3FD2-C529-4119-8ED1-298A77FA6CA3}.Debug|iPhone.Build.0 = Debug|iPhone
		{EC8A3FD2-C529-4119-8ED1-298A77FA6CA3}.Debug|iPhone.Deploy.0 = Debug|iPhone
		{EC8A3FD2-C529-4119-8ED1-298A77FA6CA3}.Debug|iPhoneSimulator.ActiveCfg = Debug|iPhoneSimulator
		{EC8A3FD2-C529-4119-8ED1-298A77FA6CA3}.Debug|iPhoneSimulator.Build.0 = Debug|iPhoneSimulator
		{EC8A3FD2-C529-4119-8ED1-298A77FA6CA3}.Debug|iPhoneSimulator.Deploy.0 = Debug|iPhoneSimulator
		{EC8A3FD2-C529-4119-8ED1-298A77FA6CA3}.Debug|x64.ActiveCfg = Debug|iPhone
		{EC8A3FD2-C529-4119-8ED1-298A77FA6CA3}.Debug|x64.Build.0 = Debug|iPhone
		{EC8A3FD2-C529-4119-8ED1-298A77FA6CA3}.Debug|x64.Deploy.0 = Debug|iPhone
		{EC8A3FD2-C529-4119-8ED1-298A77FA6CA3}.Debug|x86.ActiveCfg = Debug|iPhone
		{EC8A3FD2-C529-4119-8ED1-298A77FA6CA3}.Debug|x86.Build.0 = Debug|iPhone
		{EC8A3FD2-C529-4119-8ED1-298A77FA6CA3}.Debug|x86.Deploy.0 = Debug|iPhone
		{EC8A3FD2-C529-4119-8ED1-298A77FA6CA3}.Release|Any CPU.ActiveCfg = Release|iPhone
		{EC8A3FD2-C529-4119-8ED1-298A77FA6CA3}.Release|Any CPU.Build.0 = Release|iPhone
		{EC8A3FD2-C529-4119-8ED1-298A77FA6CA3}.Release|Any CPU.Deploy.0 = Release|iPhone
		{EC8A3FD2-C529-4119-8ED1-298A77FA6CA3}.Release|ARM.ActiveCfg = Release|iPhone
		{EC8A3FD2-C529-4119-8ED1-298A77FA6CA3}.Release|ARM.Build.0 = Release|iPhone
		{EC8A3FD2-C529-4119-8ED1-298A77FA6CA3}.Release|ARM.Deploy.0 = Release|iPhone
		{EC8A3FD2-C529-4119-8ED1-298A77FA6CA3}.Release|iPhone.ActiveCfg = Release|iPhone
		{EC8A3FD2-C529-4119-8ED1-298A77FA6CA3}.Release|iPhone.Build.0 = Release|iPhone
		{EC8A3FD2-C529-4119-8ED1-298A77FA6CA3}.Release|iPhone.Deploy.0 = Release|iPhone
		{EC8A3FD2-C529-4119-8ED1-298A77FA6CA3}.Release|iPhoneSimulator.ActiveCfg = Release|iPhoneSimulator
		{EC8A3FD2-C529-4119-8ED1-298A77FA6CA3}.Release|iPhoneSimulator.Build.0 = Release|iPhoneSimulator
		{EC8A3FD2-C529-4119-8ED1-298A77FA6CA3}.Release|iPhoneSimulator.Deploy.0 = Release|iPhoneSimulator
		{EC8A3FD2-C529-4119-8ED1-298A77FA6CA3}.Release|x64.ActiveCfg = Release|iPhone
		{EC8A3FD2-C529-4119-8ED1-298A77FA6CA3}.Release|x64.Build.0 = Release|iPhone
		{EC8A3FD2-C529-4119-8ED1-298A77FA6CA3}.Release|x64.Deploy.0 = Release|iPhone
		{EC8A3FD2-C529-4119-8ED1-298A77FA6CA3}.Release|x86.ActiveCfg = Release|iPhone
		{EC8A3FD2-C529-4119-8ED1-298A77FA6CA3}.Release|x86.Build.0 = Release|iPhone
		{EC8A3FD2-C529-4119-8ED1-298A77FA6CA3}.Release|x86.Deploy.0 = Release|iPhone
	EndGlobalSection
	GlobalSection(SolutionProperties) = preSolution
		HideSolutionNode = FALSE
	EndGlobalSection
	GlobalSection(ExtensibilityGlobals) = postSolution
		SolutionGuid = {0CEF4E6B-0933-400E-A93C-ABD5942D7CEF}
	EndGlobalSection
	GlobalSection(NestedProjects) = preSolution
	EndGlobalSection
EndGlobal
