
Microsoft Visual Studio Solution File, Format Version 12.00
# Visual Studio 15
Project("{FAE04EC0-301F-11D3-BF4B-00C04F79EFBC}") = "HappyXamDevs.Android", "HappyXamDevs\HappyXamDevs.Android\HappyXamDevs.Android.csproj", "{20A4A9EA-DEE7-4DF6-AF3E-6988ED2BCA39}"
EndProject
Project("{FAE04EC0-301F-11D3-BF4B-00C04F79EFBC}") = "HappyXamDevs.iOS", "HappyXamDevs\HappyXamDevs.iOS\HappyXamDevs.iOS.csproj", "{AC22C2E7-5280-4EBF-9469-55B66D80B34B}"
EndProject
Project("{FAE04EC0-301F-11D3-BF4B-00C04F79EFBC}") = "HappyXamDevs", "HappyXamDevs\HappyXamDevs\HappyXamDevs.csproj", "{21646385-1688-4783-8BA2-FAC93DC31EE5}"
EndProject
Project("{FAE04EC0-301F-11D3-BF4B-00C04F79EFBC}") = "HappyXamDevs.UWP", "HappyXamDevs\HappyXamDevs.UWP\HappyXamDevs.UWP.csproj", "{292A7008-6907-41B3-AE4B-6078010D821F}"
EndProject
Global
	GlobalSection(SolutionConfigurationPlatforms) = preSolution
		Debug|Any CPU = Debug|Any CPU
		Release|Any CPU = Release|Any CPU
		Debug|iPhoneSimulator = Debug|iPhoneSimulator
		Release|iPhoneSimulator = Release|iPhoneSimulator
		Debug|iPhone = Debug|iPhone
		Release|iPhone = Release|iPhone
	EndGlobalSection
	GlobalSection(ProjectConfigurationPlatforms) = postSolution
		{20A4A9EA-DEE7-4DF6-AF3E-6988ED2BCA39}.Debug|Any CPU.ActiveCfg = Debug|Any CPU
		{20A4A9EA-DEE7-4DF6-AF3E-6988ED2BCA39}.Debug|Any CPU.Build.0 = Debug|Any CPU
		{20A4A9EA-DEE7-4DF6-AF3E-6988ED2BCA39}.Release|Any CPU.ActiveCfg = Release|Any CPU
		{20A4A9EA-DEE7-4DF6-AF3E-6988ED2BCA39}.Release|Any CPU.Build.0 = Release|Any CPU
		{20A4A9EA-DEE7-4DF6-AF3E-6988ED2BCA39}.Debug|iPhoneSimulator.ActiveCfg = Debug|Any CPU
		{20A4A9EA-DEE7-4DF6-AF3E-6988ED2BCA39}.Debug|iPhoneSimulator.Build.0 = Debug|Any CPU
		{20A4A9EA-DEE7-4DF6-AF3E-6988ED2BCA39}.Release|iPhoneSimulator.ActiveCfg = Release|Any CPU
		{20A4A9EA-DEE7-4DF6-AF3E-6988ED2BCA39}.Release|iPhoneSimulator.Build.0 = Release|Any CPU
		{20A4A9EA-DEE7-4DF6-AF3E-6988ED2BCA39}.Debug|iPhone.ActiveCfg = Debug|Any CPU
		{20A4A9EA-DEE7-4DF6-AF3E-6988ED2BCA39}.Debug|iPhone.Build.0 = Debug|Any CPU
		{20A4A9EA-DEE7-4DF6-AF3E-6988ED2BCA39}.Release|iPhone.ActiveCfg = Release|Any CPU
		{20A4A9EA-DEE7-4DF6-AF3E-6988ED2BCA39}.Release|iPhone.Build.0 = Release|Any CPU
		{AC22C2E7-5280-4EBF-9469-55B66D80B34B}.Debug|Any CPU.ActiveCfg = Debug|iPhoneSimulator
		{AC22C2E7-5280-4EBF-9469-55B66D80B34B}.Debug|Any CPU.Build.0 = Debug|iPhoneSimulator
		{AC22C2E7-5280-4EBF-9469-55B66D80B34B}.Release|Any CPU.ActiveCfg = Release|iPhoneSimulator
		{AC22C2E7-5280-4EBF-9469-55B66D80B34B}.Release|Any CPU.Build.0 = Release|iPhoneSimulator
		{AC22C2E7-5280-4EBF-9469-55B66D80B34B}.Debug|iPhoneSimulator.ActiveCfg = Debug|iPhoneSimulator
		{AC22C2E7-5280-4EBF-9469-55B66D80B34B}.Debug|iPhoneSimulator.Build.0 = Debug|iPhoneSimulator
		{AC22C2E7-5280-4EBF-9469-55B66D80B34B}.Release|iPhoneSimulator.ActiveCfg = Release|iPhoneSimulator
		{AC22C2E7-5280-4EBF-9469-55B66D80B34B}.Release|iPhoneSimulator.Build.0 = Release|iPhoneSimulator
		{AC22C2E7-5280-4EBF-9469-55B66D80B34B}.Debug|iPhone.ActiveCfg = Debug|iPhone
		{AC22C2E7-5280-4EBF-9469-55B66D80B34B}.Debug|iPhone.Build.0 = Debug|iPhone
		{AC22C2E7-5280-4EBF-9469-55B66D80B34B}.Release|iPhone.ActiveCfg = Release|iPhone
		{AC22C2E7-5280-4EBF-9469-55B66D80B34B}.Release|iPhone.Build.0 = Release|iPhone
		{21646385-1688-4783-8BA2-FAC93DC31EE5}.Debug|Any CPU.ActiveCfg = Debug|Any CPU
		{21646385-1688-4783-8BA2-FAC93DC31EE5}.Debug|Any CPU.Build.0 = Debug|Any CPU
		{21646385-1688-4783-8BA2-FAC93DC31EE5}.Release|Any CPU.ActiveCfg = Release|Any CPU
		{21646385-1688-4783-8BA2-FAC93DC31EE5}.Release|Any CPU.Build.0 = Release|Any CPU
		{21646385-1688-4783-8BA2-FAC93DC31EE5}.Debug|iPhoneSimulator.ActiveCfg = Debug|Any CPU
		{21646385-1688-4783-8BA2-FAC93DC31EE5}.Debug|iPhoneSimulator.Build.0 = Debug|Any CPU
		{21646385-1688-4783-8BA2-FAC93DC31EE5}.Release|iPhoneSimulator.ActiveCfg = Release|Any CPU
		{21646385-1688-4783-8BA2-FAC93DC31EE5}.Release|iPhoneSimulator.Build.0 = Release|Any CPU
		{21646385-1688-4783-8BA2-FAC93DC31EE5}.Debug|iPhone.ActiveCfg = Debug|Any CPU
		{21646385-1688-4783-8BA2-FAC93DC31EE5}.Debug|iPhone.Build.0 = Debug|Any CPU
		{21646385-1688-4783-8BA2-FAC93DC31EE5}.Release|iPhone.ActiveCfg = Release|Any CPU
		{21646385-1688-4783-8BA2-FAC93DC31EE5}.Release|iPhone.Build.0 = Release|Any CPU
		{292A7008-6907-41B3-AE4B-6078010D821F}.Debug|Any CPU.ActiveCfg = Debug|ARM
		{292A7008-6907-41B3-AE4B-6078010D821F}.Debug|Any CPU.Build.0 = Debug|ARM
		{292A7008-6907-41B3-AE4B-6078010D821F}.Release|Any CPU.ActiveCfg = Release|ARM
		{292A7008-6907-41B3-AE4B-6078010D821F}.Release|Any CPU.Build.0 = Release|ARM
		{292A7008-6907-41B3-AE4B-6078010D821F}.Debug|iPhoneSimulator.ActiveCfg = Debug|ARM
		{292A7008-6907-41B3-AE4B-6078010D821F}.Debug|iPhoneSimulator.Build.0 = Debug|ARM
		{292A7008-6907-41B3-AE4B-6078010D821F}.Release|iPhoneSimulator.ActiveCfg = Release|ARM
		{292A7008-6907-41B3-AE4B-6078010D821F}.Release|iPhoneSimulator.Build.0 = Release|ARM
		{292A7008-6907-41B3-AE4B-6078010D821F}.Debug|iPhone.ActiveCfg = Debug|ARM
		{292A7008-6907-41B3-AE4B-6078010D821F}.Debug|iPhone.Build.0 = Debug|ARM
		{292A7008-6907-41B3-AE4B-6078010D821F}.Release|iPhone.ActiveCfg = Release|ARM
		{292A7008-6907-41B3-AE4B-6078010D821F}.Release|iPhone.Build.0 = Release|ARM
	EndGlobalSection
EndGlobal
